<?xml version="1.0" encoding="utf-8"?>
<Project ToolsVersion="4.0" xmlns="http://schemas.microsoft.com/developer/msbuild/2003">
  <ItemGroup>
    <Filter Include="源文件">
      <UniqueIdentifier>{4FC737F1-C7A5-4376-A066-2A32D752A2FF}</UniqueIdentifier>
      <Extensions>cpp;c;cc;cxx;c++;cppm;ixx;def;odl;idl;hpj;bat;asm;asmx</Extensions>
    </Filter>
    <Filter Include="头文件">
      <UniqueIdentifier>{93995380-89BD-4b04-88EB-625FBE52EBFB}</UniqueIdentifier>
      <Extensions>h;hh;hpp;hxx;h++;hm;inl;inc;ipp;xsd</Extensions>
    </Filter>
    <Filter Include="资源文件">
      <UniqueIdentifier>{67DA6AB6-F800-4c08-8B7A-83BB121AAD01}</UniqueIdentifier>
      <Extensions>rc;ico;cur;bmp;dlg;rc2;rct;bin;rgs;gif;jpg;jpeg;jpe;resx;tiff;tif;png;wav;mfcribbon-ms</Extensions>
    </Filter>
  </ItemGroup>
  <ItemGroup>
    <ClInclude Include="framework.h">
      <Filter>头文件</Filter>
    </ClInclude>
    <ClInclude Include="pch.h">
      <Filter>头文件</Filter>
    </ClInclude>
    <ClInclude Include="Process.h">
      <Filter>头文件</Filter>
    </ClInclude>
    <ClInclude Include="Thread.h">
      <Filter>头文件</Filter>
    </ClInclude>
    <ClInclude Include="Module.h">
      <Filter>头文件</Filter>
    </ClInclude>
    <ClInclude Include="Heap.h">
      <Filter>头文件</Filter>
    </ClInclude>
    <ClInclude Include="Handle.h">
      <Filter>头文件</Filter>
    </ClInclude>
    <ClInclude Include="Service.h">
      <Filter>头文件</Filter>
    </ClInclude>
    <ClInclude Include="FileMap.h">
      <Filter>头文件</Filter>
    </ClInclude>
    <ClInclude Include="Environment.h">
      <Filter>头文件</Filter>
    </ClInclude>
    <ClInclude Include="Memory.h">
      <Filter>头文件</Filter>
    </ClInclude>
    <ClInclude Include="Token.h">
      <Filter>头文件</Filter>
    </ClInclude>
    <ClInclude Include="PEB.h">
      <Filter>头文件</Filter>
    </ClInclude>
    <ClInclude Include="TEB.h">
      <Filter>头文件</Filter>
    </ClInclude>
    <ClInclude Include="TLS.h">
      <Filter>头文件</Filter>
    </ClInclude>
    <ClInclude Include="APC.h">
      <Filter>头文件</Filter>
    </ClInclude>
    <ClInclude Include="Job.h">
      <Filter>头文件</Filter>
    </ClInclude>
    <ClInclude Include="User.h">
      <Filter>头文件</Filter>
    </ClInclude>
    <ClInclude Include="Session.h">
      <Filter>头文件</Filter>
    </ClInclude>
    <ClInclude Include="Shutdown.h">
      <Filter>头文件</Filter>
    </ClInclude>
    <ClInclude Include="TaskScheduler.h">
      <Filter>头文件</Filter>
    </ClInclude>
    <ClInclude Include="resource.h">
      <Filter>头文件</Filter>
    </ClInclude>
    <ClInclude Include="ShellExecute.h">
      <Filter>头文件</Filter>
    </ClInclude>
    <ClInclude Include="Stack.h">
      <Filter>头文件</Filter>
    </ClInclude>
  </ItemGroup>
  <ItemGroup>
    <ClCompile Include="dllmain.cpp">
      <Filter>源文件</Filter>
    </ClCompile>
    <ClCompile Include="pch.cpp">
      <Filter>源文件</Filter>
    </ClCompile>
    <ClCompile Include="Process.cpp">
      <Filter>源文件</Filter>
    </ClCompile>
    <ClCompile Include="Thread.cpp">
      <Filter>源文件</Filter>
    </ClCompile>
    <ClCompile Include="Module.cpp">
      <Filter>源文件</Filter>
    </ClCompile>
    <ClCompile Include="Heap.cpp">
      <Filter>源文件</Filter>
    </ClCompile>
    <ClCompile Include="Handle.cpp">
      <Filter>源文件</Filter>
    </ClCompile>
    <ClCompile Include="Service.cpp">
      <Filter>源文件</Filter>
    </ClCompile>
    <ClCompile Include="FileMap.cpp">
      <Filter>源文件</Filter>
    </ClCompile>
    <ClCompile Include="Environment.cpp">
      <Filter>源文件</Filter>
    </ClCompile>
    <ClCompile Include="Memory.cpp">
      <Filter>源文件</Filter>
    </ClCompile>
    <ClCompile Include="Token.cpp">
      <Filter>源文件</Filter>
    </ClCompile>
    <ClCompile Include="PEB.cpp">
      <Filter>源文件</Filter>
    </ClCompile>
    <ClCompile Include="TEB.cpp">
      <Filter>源文件</Filter>
    </ClCompile>
    <ClCompile Include="TLS.cpp">
      <Filter>源文件</Filter>
    </ClCompile>
    <ClCompile Include="APC.cpp">
      <Filter>源文件</Filter>
    </ClCompile>
    <ClCompile Include="Job.cpp">
      <Filter>源文件</Filter>
    </ClCompile>
    <ClCompile Include="User.cpp">
      <Filter>源文件</Filter>
    </ClCompile>
    <ClCompile Include="Session.cpp">
      <Filter>源文件</Filter>
    </ClCompile>
    <ClCompile Include="Shutdown.cpp">
      <Filter>源文件</Filter>
    </ClCompile>
    <ClCompile Include="TaskScheduler.cpp">
      <Filter>源文件</Filter>
    </ClCompile>
    <ClCompile Include="ShellExecute.cpp">
      <Filter>源文件</Filter>
    </ClCompile>
    <ClCompile Include="Stack.cpp">
      <Filter>源文件</Filter>
    </ClCompile>
  </ItemGroup>
  <ItemGroup>
    <Text Include="..\readme.txt" />
  </ItemGroup>
  <ItemGroup>
    <ResourceCompile Include="Process.rc">
      <Filter>资源文件</Filter>
    </ResourceCompile>
  </ItemGroup>
</Project>